
Microsoft Visual Studio Solution File, Format Version 12.00
# Visual Studio Version 17
VisualStudioVersion = 17.1.32203.90
MinimumVisualStudioVersion = 10.0.40219.1
Project("{FAE04EC0-301F-11D3-BF4B-00C04F79EFBC}") = "MVC", "MVC\MVC.csproj", "{D0A5378E-D0A9-4ABE-8E0A-989009F1A846}"
EndProject
Global
	GlobalSection(SolutionConfigurationPlatforms) = preSolution
		Debug|Any CPU = Debug|Any CPU
		Release|Any CPU = Release|Any CPU
	EndGlobalSection
	GlobalSection(ProjectConfigurationPlatforms) = postSolution
		{D0A5378E-D0A9-4ABE-8E0A-989009F1A846}.Debug|Any CPU.ActiveCfg = Debug|Any CPU
		{D0A5378E-D0A9-4ABE-8E0A-989009F1A846}.Debug|Any CPU.Build.0 = Debug|Any CPU
		{D0A5378E-D0A9-4ABE-8E0A-989009F1A846}.Release|Any CPU.ActiveCfg = Release|Any CPU
		{D0A5378E-D0A9-4ABE-8E0A-989009F1A846}.Release|Any CPU.Build.0 = Release|Any CPU
	EndGlobalSection
	GlobalSection(SolutionProperties) = preSolution
		HideSolutionNode = FALSE
	EndGlobalSection
	GlobalSection(ExtensibilityGlobals) = postSolution
		SolutionGuid = {524EA13C-5954-4CCB-BB95-05EC486A7BAE}
	EndGlobalSection
EndGlobal
