
Microsoft Visual Studio Solution File, Format Version 12.00
# Visual Studio Version 17
VisualStudioVersion = 17.1.32203.90
MinimumVisualStudioVersion = 10.0.40219.1
Project("{FAE04EC0-301F-11D3-BF4B-00C04F79EFBC}") = "Lab7_Identity", "Lab7_Identity\Lab7_Identity.csproj", "{E7403C00-96CD-47F9-9595-8B5E28A890E8}"
EndProject
Global
	GlobalSection(SolutionConfigurationPlatforms) = preSolution
		Debug|Any CPU = Debug|Any CPU
		Release|Any CPU = Release|Any CPU
	EndGlobalSection
	GlobalSection(ProjectConfigurationPlatforms) = postSolution
		{E7403C00-96CD-47F9-9595-8B5E28A890E8}.Debug|Any CPU.ActiveCfg = Debug|Any CPU
		{E7403C00-96CD-47F9-9595-8B5E28A890E8}.Debug|Any CPU.Build.0 = Debug|Any CPU
		{E7403C00-96CD-47F9-9595-8B5E28A890E8}.Release|Any CPU.ActiveCfg = Release|Any CPU
		{E7403C00-96CD-47F9-9595-8B5E28A890E8}.Release|Any CPU.Build.0 = Release|Any CPU
	EndGlobalSection
	GlobalSection(SolutionProperties) = preSolution
		HideSolutionNode = FALSE
	EndGlobalSection
	GlobalSection(ExtensibilityGlobals) = postSolution
		SolutionGuid = {D4DFFCD0-1675-45AB-9915-D0977AB2F029}
	EndGlobalSection
EndGlobal
